// !$*UTF8*$!
{
	archiveVersion = 1;
	classes = {
	};
	objectVersion = 46;
	objects = {

/* Begin PBXBuildFile section */
		C2D6CF151BD760BD00EF4D03 /* AppDelegate.swift in Sources */ = {isa = PBXBuildFile; fileRef = C2D6CF141BD760BD00EF4D03 /* AppDelegate.swift */; };
		C2D6CF171BD760BD00EF4D03 /* MasterViewController.swift in Sources */ = {isa = PBXBuildFile; fileRef = C2D6CF161BD760BD00EF4D03 /* MasterViewController.swift */; };
		C2D6CF191BD760BD00EF4D03 /* DetailViewController.swift in Sources */ = {isa = PBXBuildFile; fileRef = C2D6CF181BD760BD00EF4D03 /* DetailViewController.swift */; };
		C2D6CF1C1BD760BD00EF4D03 /* Main.storyboard in Resources */ = {isa = PBXBuildFile; fileRef = C2D6CF1A1BD760BD00EF4D03 /* Main.storyboard */; };
		C2D6CF1E1BD760BE00EF4D03 /* Images.xcassets in Resources */ = {isa = PBXBuildFile; fileRef = C2D6CF1D1BD760BE00EF4D03 /* Images.xcassets */; };
		C2D6CF211BD760BE00EF4D03 /* LaunchScreen.xib in Resources */ = {isa = PBXBuildFile; fileRef = C2D6CF1F1BD760BE00EF4D03 /* LaunchScreen.xib */; };
		C2D6CF2D1BD760BE00EF4D03 /* newtestTests.swift in Sources */ = {isa = PBXBuildFile; fileRef = C2D6CF2C1BD760BE00EF4D03 /* newtestTests.swift */; };
/* End PBXBuildFile section */

/* Begin PBXContainerItemProxy section */
		C2D6CF271BD760BE00EF4D03 /* PBXContainerItemProxy */ = {
			isa = PBXContainerItemProxy;
			containerPortal = C2D6CF071BD760BD00EF4D03 /* Project object */;
			proxyType = 1;
			remoteGlobalIDString = C2D6CF0E1BD760BD00EF4D03;
			remoteInfo = newtest;
		};
/* End PBXContainerItemProxy section */

/* Begin PBXFileReference section */
		C2D6CF0F1BD760BD00EF4D03 /* newtest.app */ = {isa = PBXFileReference; explicitFileType = wrapper.application; includeInIndex = 0; path = newtest.app; sourceTree = BUILT_PRODUCTS_DIR; };
		C2D6CF131BD760BD00EF4D03 /* Info.plist */ = {isa = PBXFileReference; lastKnownFileType = text.plist.xml; path = Info.plist; sourceTree = "<group>"; };
		C2D6CF141BD760BD00EF4D03 /* AppDelegate.swift */ = {isa = PBXFileReference; lastKnownFileType = sourcecode.swift; path = AppDelegate.swift; sourceTree = "<group>"; };
		C2D6CF161BD760BD00EF4D03 /* MasterViewController.swift */ = {isa = PBXFileReference; lastKnownFileType = sourcecode.swift; path = MasterViewController.swift; sourceTree = "<group>"; };
		C2D6CF181BD760BD00EF4D03 /* DetailViewController.swift */ = {isa = PBXFileReference; lastKnownFileType = sourcecode.swift; path = DetailViewController.swift; sourceTree = "<group>"; };
		C2D6CF1B1BD760BD00EF4D03 /* Base */ = {isa = PBXFileReference; lastKnownFileType = file.storyboard; name = Base; path = Base.lproj/Main.storyboard; sourceTree = "<group>"; };
		C2D6CF1D1BD760BE00EF4D03 /* Images.xcassets */ = {isa = PBXFileReference; lastKnownFileType = folder.assetcatalog; path = Images.xcassets; sourceTree = "<group>"; };
		C2D6CF201BD760BE00EF4D03 /* Base */ = {isa = PBXFileReference; lastKnownFileType = file.xib; name = Base; path = Base.lproj/LaunchScreen.xib; sourceTree = "<group>"; };
		C2D6CF261BD760BE00EF4D03 /* newtestTests.xctest */ = {isa = PBXFileReference; explicitFileType = wrapper.cfbundle; includeInIndex = 0; path = newtestTests.xctest; sourceTree = BUILT_PRODUCTS_DIR; };
		C2D6CF2B1BD760BE00EF4D03 /* Info.plist */ = {isa = PBXFileReference; lastKnownFileType = text.plist.xml; path = Info.plist; sourceTree = "<group>"; };
		C2D6CF2C1BD760BE00EF4D03 /* newtestTests.swift */ = {isa = PBXFileReference; lastKnownFileType = sourcecode.swift; path = newtestTests.swift; sourceTree = "<group>"; };
/* End PBXFileReference section */

/* Begin PBXFrameworksBuildPhase section */
		C2D6CF0C1BD760BD00EF4D03 /* Frameworks */ = {
			isa = PBXFrameworksBuildPhase;
			buildActionMask = 2147483647;
			files = (
			);
			runOnlyForDeploymentPostprocessing = 0;
		};
		C2D6CF231BD760BE00EF4D03 /* Frameworks */ = {
			isa = PBXFrameworksBuildPhase;
			buildActionMask = 2147483647;
			files = (
			);
			runOnlyForDeploymentPostprocessing = 0;
		};
/* End PBXFrameworksBuildPhase section */

/* Begin PBXGroup section */
		C2D6CF061BD760BD00EF4D03 = {
			isa = PBXGroup;
			children = (
				C2D6CF111BD760BD00EF4D03 /* newtest */,
				C2D6CF291BD760BE00EF4D03 /* newtestTests */,
				C2D6CF101BD760BD00EF4D03 /* Products */,
			);
			sourceTree = "<group>";
		};
		C2D6CF101BD760BD00EF4D03 /* Products */ = {
			isa = PBXGroup;
			children = (
				C2D6CF0F1BD760BD00EF4D03 /* newtest.app */,
				C2D6CF261BD760BE00EF4D03 /* newtestTests.xctest */,
			);
			name = Products;
			sourceTree = "<group>";
		};
		C2D6CF111BD760BD00EF4D03 /* newtest */ = {
			isa = PBXGroup;
			children = (
				C2D6CF141BD760BD00EF4D03 /* AppDelegate.swift */,
				C2D6CF161BD760BD00EF4D03 /* MasterViewController.swift */,
				C2D6CF181BD760BD00EF4D03 /* DetailViewController.swift */,
				C2D6CF1A1BD760BD00EF4D03 /* Main.storyboard */,
				C2D6CF1D1BD760BE00EF4D03 /* Images.xcassets */,
				C2D6CF1F1BD760BE00EF4D03 /* LaunchScreen.xib */,
				C2D6CF121BD760BD00EF4D03 /* Supporting Files */,
			);
			path = newtest;
			sourceTree = "<group>";
		};
		C2D6CF121BD760BD00EF4D03 /* Supporting Files */ = {
			isa = PBXGroup;
			children = (
				C2D6CF131BD760BD00EF4D03 /* Info.plist */,
			);
			name = "Supporting Files";
			sourceTree = "<group>";
		};
		C2D6CF291BD760BE00EF4D03 /* newtestTests */ = {
			isa = PBXGroup;
			children = (
				C2D6CF2C1BD760BE00EF4D03 /* newtestTests.swift */,
				C2D6CF2A1BD760BE00EF4D03 /* Supporting Files */,
			);
			path = newtestTests;
			sourceTree = "<group>";
		};
		C2D6CF2A1BD760BE00EF4D03 /* Supporting Files */ = {
			isa = PBXGroup;
			children = (
				C2D6CF2B1BD760BE00EF4D03 /* Info.plist */,
			);
			name = "Supporting Files";
			sourceTree = "<group>";
		};
/* End PBXGroup section */

/* Begin PBXNativeTarget section */
		C2D6CF0E1BD760BD00EF4D03 /* newtest */ = {
			isa = PBXNativeTarget;
			buildConfigurationList = C2D6CF301BD760BE00EF4D03 /* Build configuration list for PBXNativeTarget "newtest" */;
			buildPhases = (
				C2D6CF0B1BD760BD00EF4D03 /* Sources */,
				C2D6CF0C1BD760BD00EF4D03 /* Frameworks */,
				C2D6CF0D1BD760BD00EF4D03 /* Resources */,
			);
			buildRules = (
			);
			dependencies = (
			);
			name = newtest;
			productName = newtest;
			productReference = C2D6CF0F1BD760BD00EF4D03 /* newtest.app */;
			productType = "com.apple.product-type.application";
		};
		C2D6CF251BD760BE00EF4D03 /* newtestTests */ = {
			isa = PBXNativeTarget;
			buildConfigurationList = C2D6CF331BD760BE00EF4D03 /* Build configuration list for PBXNativeTarget "newtestTests" */;
			buildPhases = (
				C2D6CF221BD760BE00EF4D03 /* Sources */,
				C2D6CF231BD760BE00EF4D03 /* Frameworks */,
				C2D6CF241BD760BE00EF4D03 /* Resources */,
			);
			buildRules = (
			);
			dependencies = (
				C2D6CF281BD760BE00EF4D03 /* PBXTargetDependency */,
			);
			name = newtestTests;
			productName = newtestTests;
			productReference = C2D6CF261BD760BE00EF4D03 /* newtestTests.xctest */;
			productType = "com.apple.product-type.bundle.unit-test";
		};
/* End PBXNativeTarget section */

/* Begin PBXProject section */
		C2D6CF071BD760BD00EF4D03 /* Project object */ = {
			isa = PBXProject;
			attributes = {
				LastUpgradeCheck = 0640;
				ORGANIZATIONNAME = newtest;
				TargetAttributes = {
					C2D6CF0E1BD760BD00EF4D03 = {
						CreatedOnToolsVersion = 6.4;
					};
					C2D6CF251BD760BE00EF4D03 = {
						CreatedOnToolsVersion = 6.4;
						TestTargetID = C2D6CF0E1BD760BD00EF4D03;
					};
				};
			};
			buildConfigurationList = C2D6CF0A1BD760BD00EF4D03 /* Build configuration list for PBXProject "newtest" */;
			compatibilityVersion = "Xcode 3.2";
			developmentRegion = English;
			hasScannedForEncodings = 0;
			knownRegions = (
				en,
				Base,
			);
			mainGroup = C2D6CF061BD760BD00EF4D03;
			productRefGroup = C2D6CF101BD760BD00EF4D03 /* Products */;
			projectDirPath = "";
			projectRoot = "";
			targets = (
				C2D6CF0E1BD760BD00EF4D03 /* newtest */,
				C2D6CF251BD760BE00EF4D03 /* newtestTests */,
			);
		};
/* End PBXProject section */

/* Begin PBXResourcesBuildPhase section */
		C2D6CF0D1BD760BD00EF4D03 /* Resources */ = {
			isa = PBXResourcesBuildPhase;
			buildActionMask = 2147483647;
			files = (
				C2D6CF1C1BD760BD00EF4D03 /* Main.storyboard in Resources */,
				C2D6CF211BD760BE00EF4D03 /* LaunchScreen.xib in Resources */,
				C2D6CF1E1BD760BE00EF4D03 /* Images.xcassets in Resources */,
			);
			runOnlyForDeploymentPostprocessing = 0;
		};
		C2D6CF241BD760BE00EF4D03 /* Resources */ = {
			isa = PBXResourcesBuildPhase;
			buildActionMask = 2147483647;
			files = (
			);
			runOnlyForDeploymentPostprocessing = 0;
		};
/* End PBXResourcesBuildPhase section */

/* Begin PBXSourcesBuildPhase section */
		C2D6CF0B1BD760BD00EF4D03 /* Sources */ = {
			isa = PBXSourcesBuildPhase;
			buildActionMask = 2147483647;
			files = (
				C2D6CF191BD760BD00EF4D03 /* DetailViewController.swift in Sources */,
				C2D6CF171BD760BD00EF4D03 /* MasterViewController.swift in Sources */,
				C2D6CF151BD760BD00EF4D03 /* AppDelegate.swift in Sources */,
			);
			runOnlyForDeploymentPostprocessing = 0;
		};
		C2D6CF221BD760BE00EF4D03 /* Sources */ = {
			isa = PBXSourcesBuildPhase;
			buildActionMask = 2147483647;
			files = (
				C2D6CF2D1BD760BE00EF4D03 /* newtestTests.swift in Sources */,
			);
			runOnlyForDeploymentPostprocessing = 0;
		};
/* End PBXSourcesBuildPhase section */

/* Begin PBXTargetDependency section */
		C2D6CF281BD760BE00EF4D03 /* PBXTargetDependency */ = {
			isa = PBXTargetDependency;
			target = C2D6CF0E1BD760BD00EF4D03 /* newtest */;
			targetProxy = C2D6CF271BD760BE00EF4D03 /* PBXContainerItemProxy */;
		};
/* End PBXTargetDependency section */

/* Begin PBXVariantGroup section */
		C2D6CF1A1BD760BD00EF4D03 /* Main.storyboard */ = {
			isa = PBXVariantGroup;
			children = (
				C2D6CF1B1BD760BD00EF4D03 /* Base */,
			);
			name = Main.storyboard;
			sourceTree = "<group>";
		};
		C2D6CF1F1BD760BE00EF4D03 /* LaunchScreen.xib */ = {
			isa = PBXVariantGroup;
			children = (
				C2D6CF201BD760BE00EF4D03 /* Base */,
			);
			name = LaunchScreen.xib;
			sourceTree = "<group>";
		};
/* End PBXVariantGroup section */

/* Begin XCBuildConfiguration section */
		C2D6CF2E1BD760BE00EF4D03 /* Debug */ = {
			isa = XCBuildConfiguration;
			buildSettings = {
				ALWAYS_SEARCH_USER_PATHS = NO;
				CLANG_CXX_LANGUAGE_STANDARD = "gnu++0x";
				CLANG_CXX_LIBRARY = "libc++";
				CLANG_ENABLE_MODULES = YES;
				CLANG_ENABLE_OBJC_ARC = YES;
				CLANG_WARN_BOOL_CONVERSION = YES;
				CLANG_WARN_CONSTANT_CONVERSION = YES;
				CLANG_WARN_DIRECT_OBJC_ISA_USAGE = YES_ERROR;
				CLANG_WARN_EMPTY_BODY = YES;
				CLANG_WARN_ENUM_CONVERSION = YES;
				CLANG_WARN_INT_CONVERSION = YES;
				CLANG_WARN_OBJC_ROOT_CLASS = YES_ERROR;
				CLANG_WARN_UNREACHABLE_CODE = YES;
				CLANG_WARN__DUPLICATE_METHOD_MATCH = YES;
				"CODE_SIGN_IDENTITY[sdk=iphoneos*]" = "iPhone Developer";
				COPY_PHASE_STRIP = NO;
				DEBUG_INFORMATION_FORMAT = "dwarf-with-dsym";
				ENABLE_STRICT_OBJC_MSGSEND = YES;
				GCC_C_LANGUAGE_STANDARD = gnu99;
				GCC_DYNAMIC_NO_PIC = NO;
				GCC_NO_COMMON_BLOCKS = YES;
				GCC_OPTIMIZATION_LEVEL = 0;
				GCC_PREPROCESSOR_DEFINITIONS = (
					"DEBUG=1",
					"$(inherited)",
				);
				GCC_SYMBOLS_PRIVATE_EXTERN = NO;
				GCC_WARN_64_TO_32_BIT_CONVERSION = YES;
				GCC_WARN_ABOUT_RETURN_TYPE = YES_ERROR;
				GCC_WARN_UNDECLARED_SELECTOR = YES;
				GCC_WARN_UNINITIALIZED_AUTOS = YES_AGGRESSIVE;
				GCC_WARN_UNUSED_FUNCTION = YES;
				GCC_WARN_UNUSED_VARIABLE = YES;
				IPHONEOS_DEPLOYMENT_TARGET = 8.4;
				MTL_ENABLE_DEBUG_INFO = YES;
				ONLY_ACTIVE_ARCH = YES;
				SDKROOT = iphoneos;
				SWIFT_OPTIMIZATION_LEVEL = "-Onone";
				TARGETED_DEVICE_FAMILY = "1,2";
			};
			name = Debug;
		};
		C2D6CF2F1BD760BE00EF4D03 /* Release */ = {
			isa = XCBuildConfiguration;
			buildSettings = {
				ALWAYS_SEARCH_USER_PATHS = NO;
				CLANG_CXX_LANGUAGE_STANDARD = "gnu++0x";
				CLANG_CXX_LIBRARY = "libc++";
				CLANG_ENABLE_MODULES = YES;
				CLANG_ENABLE_OBJC_ARC = YES;
				CLANG_WARN_BOOL_CONVERSION = YES;
				CLANG_WARN_CONSTANT_CONVERSION = YES;
				CLANG_WARN_DIRECT_OBJC_ISA_USAGE = YES_ERROR;
				CLANG_WARN_EMPTY_BODY = YES;
				CLANG_WARN_ENUM_CONVERSION = YES;
				CLANG_WARN_INT_CONVERSION = YES;
				CLANG_WARN_OBJC_ROOT_CLASS = YES_ERROR;
				CLANG_WARN_UNREACHABLE_CODE = YES;
				CLANG_WARN__DUPLICATE_METHOD_MATCH = YES;
				"CODE_SIGN_IDENTITY[sdk=iphoneos*]" = "iPhone Developer";
				COPY_PHASE_STRIP = NO;
				DEBUG_INFORMATION_FORMAT = "dwarf-with-dsym";
				ENABLE_NS_ASSERTIONS = NO;
				ENABLE_STRICT_OBJC_MSGSEND = YES;
				GCC_C_LANGUAGE_STANDARD = gnu99;
				GCC_NO_COMMON_BLOCKS = YES;
				GCC_WARN_64_TO_32_BIT_CONVERSION = YES;
				GCC_WARN_ABOUT_RETURN_TYPE = YES_ERROR;
				GCC_WARN_UNDECLARED_SELECTOR = YES;
				GCC_WARN_UNINITIALIZED_AUTOS = YES_AGGRESSIVE;
				GCC_WARN_UNUSED_FUNCTION = YES;
				GCC_WARN_UNUSED_VARIABLE = YES;
				IPHONEOS_DEPLOYMENT_TARGET = 8.4;
				MTL_ENABLE_DEBUG_INFO = NO;
				SDKROOT = iphoneos;
				TARGETED_DEVICE_FAMILY = "1,2";
				VALIDATE_PRODUCT = YES;
			};
			name = Release;
		};
		C2D6CF311BD760BE00EF4D03 /* Debug */ = {
			isa = XCBuildConfiguration;
			buildSettings = {
				ASSETCATALOG_COMPILER_APPICON_NAME = AppIcon;
				INFOPLIST_FILE = newtest/Info.plist;
				LD_RUNPATH_SEARCH_PATHS = "$(inherited) @executable_path/Frameworks";
				PRODUCT_NAME = "$(TARGET_NAME)";
			};
			name = Debug;
		};
		C2D6CF321BD760BE00EF4D03 /* Release */ = {
			isa = XCBuildConfiguration;
			buildSettings = {
				ASSETCATALOG_COMPILER_APPICON_NAME = AppIcon;
				INFOPLIST_FILE = newtest/Info.plist;
				LD_RUNPATH_SEARCH_PATHS = "$(inherited) @executable_path/Frameworks";
				PRODUCT_NAME = "$(TARGET_NAME)";
			};
			name = Release;
		};
		C2D6CF341BD760BE00EF4D03 /* Debug */ = {
			isa = XCBuildConfiguration;
			buildSettings = {
				BUNDLE_LOADER = "$(TEST_HOST)";
				FRAMEWORK_SEARCH_PATHS = (
					"$(SDKROOT)/Developer/Library/Frameworks",
					"$(inherited)",
				);
				GCC_PREPROCESSOR_DEFINITIONS = (
					"DEBUG=1",
					"$(inherited)",
				);
				INFOPLIST_FILE = newtestTests/Info.plist;
				LD_RUNPATH_SEARCH_PATHS = "$(inherited) @executable_path/Frameworks @loader_path/Frameworks";
				PRODUCT_NAME = "$(TARGET_NAME)";
				TEST_HOST = "$(BUILT_PRODUCTS_DIR)/newtest.app/newtest";
			};
			name = Debug;
		};
		C2D6CF351BD760BE00EF4D03 /* Release */ = {
			isa = XCBuildConfiguration;
			buildSettings = {
				BUNDLE_LOADER = "$(TEST_HOST)";
				FRAMEWORK_SEARCH_PATHS = (
					"$(SDKROOT)/Developer/Library/Frameworks",
					"$(inherited)",
				);
				INFOPLIST_FILE = newtestTests/Info.plist;
				LD_RUNPATH_SEARCH_PATHS = "$(inherited) @executable_path/Frameworks @loader_path/Frameworks";
				PRODUCT_NAME = "$(TARGET_NAME)";
				TEST_HOST = "$(BUILT_PRODUCTS_DIR)/newtest.app/newtest";
			};
			name = Release;
		};
/* End XCBuildConfiguration section */

/* Begin XCConfigurationList section */
		C2D6CF0A1BD760BD00EF4D03 /* Build configuration list for PBXProject "newtest" */ = {
			isa = XCConfigurationList;
			buildConfigurations = (
				C2D6CF2E1BD760BE00EF4D03 /* Debug */,
				C2D6CF2F1BD760BE00EF4D03 /* Release */,
			);
			defaultConfigurationIsVisible = 0;
			defaultConfigurationName = Release;
		};
		C2D6CF301BD760BE00EF4D03 /* Build configuration list for PBXNativeTarget "newtest" */ = {
			isa = XCConfigurationList;
			buildConfigurations = (
				C2D6CF311BD760BE00EF4D03 /* Debug */,
				C2D6CF321BD760BE00EF4D03 /* Release */,
			);
			defaultConfigurationIsVisible = 0;
		};
		C2D6CF331BD760BE00EF4D03 /* Build configuration list for PBXNativeTarget "newtestTests" */ = {
			isa = XCConfigurationList;
			buildConfigurations = (
				C2D6CF341BD760BE00EF4D03 /* Debug */,
				C2D6CF351BD760BE00EF4D03 /* Release */,
			);
			defaultConfigurationIsVisible = 0;
		};
/* End XCConfigurationList section */
	};
	rootObject = C2D6CF071BD760BD00EF4D03 /* Project object */;
}
